// !$*UTF8*$!
{
	archiveVersion = 1;
	classes = {
	};
	objectVersion = 50;
	objects = {

/* Begin PBXBuildFile section */
		1108A3EA2319C7D3004EB475 /* default.html in Resources */ = {isa = PBXBuildFile; fileRef = 1108A3BF2319C7D2004EB475 /* default.html */; };
		1108A3EB2319C7D3004EB475 /* help-page.html in Resources */ = {isa = PBXBuildFile; fileRef = 1108A3C02319C7D2004EB475 /* help-page.html */; };
		1108A3EC2319C7D3004EB475 /* title-page.html in Resources */ = {isa = PBXBuildFile; fileRef = 1108A3C12319C7D2004EB475 /* title-page.html */; };
		1108A3ED2319C7D3004EB475 /* jekyll-server.command in Resources */ = {isa = PBXBuildFile; fileRef = 1108A3C22319C7D2004EB475 /* jekyll-server.command */; };
		1108A3EF2319C7D3004EB475 /* page-rel-root.rb in Resources */ = {isa = PBXBuildFile; fileRef = 1108A3C52319C7D3004EB475 /* page-rel-root.rb */; };
		1108A3F02319C7D3004EB475 /* help-filters.rb in Resources */ = {isa = PBXBuildFile; fileRef = 1108A3C62319C7D3004EB475 /* help-filters.rb */; };
		1108A3F12319C7D3004EB475 /* book-icon.png in Resources */ = {isa = PBXBuildFile; fileRef = 1108A3C72319C7D3004EB475 /* book-icon.png */; };
		1108A3F92319C7D3004EB475 /* InfoPlist.strings in Resources */ = {isa = PBXBuildFile; fileRef = 1108A3D72319C7D3004EB475 /* InfoPlist.strings */; };
		1108A3FA2319C7D3004EB475 /* index.md in Resources */ = {isa = PBXBuildFile; fileRef = 1108A3D92319C7D3004EB475 /* index.md */; };
		1108A3FC2319C7D3004EB475 /* _syntax-highlighting.scss in Resources */ = {isa = PBXBuildFile; fileRef = 1108A3DE2319C7D3004EB475 /* _syntax-highlighting.scss */; };
		1108A3FD2319C7D3004EB475 /* _apple-help.scss in Resources */ = {isa = PBXBuildFile; fileRef = 1108A3DF2319C7D3004EB475 /* _apple-help.scss */; };
		1108A3FE2319C7D3004EB475 /* _base.scss in Resources */ = {isa = PBXBuildFile; fileRef = 1108A3E02319C7D3004EB475 /* _base.scss */; };
		1108A3FF2319C7D3004EB475 /* _config.yml in Resources */ = {isa = PBXBuildFile; fileRef = 1108A3E12319C7D3004EB475 /* _config.yml */; };
		1108A4002319C7D3004EB475 /* main.scss in Resources */ = {isa = PBXBuildFile; fileRef = 1108A3E32319C7D3004EB475 /* main.scss */; };
		1108A4012319C7D3004EB475 /* head.html in Resources */ = {isa = PBXBuildFile; fileRef = 1108A3E52319C7D3004EB475 /* head.html */; };
		1108A4022319C7D4004EB475 /* footer.html in Resources */ = {isa = PBXBuildFile; fileRef = 1108A3E62319C7D3004EB475 /* footer.html */; };
		1108A4032319C7D4004EB475 /* header.html in Resources */ = {isa = PBXBuildFile; fileRef = 1108A3E72319C7D3004EB475 /* header.html */; };
		1108A4052319C7D4004EB475 /* nav.js in Resources */ = {isa = PBXBuildFile; fileRef = 1108A3E92319C7D3004EB475 /* nav.js */; };
		1108A4092319CA46004EB475 /* FBT RSS Background Tabs Help.help in Resources */ = {isa = PBXBuildFile; fileRef = 1108A3B82319C7A6004EB475 /* FBT RSS Background Tabs Help.help */; };
		11E6EA8B2315A5C70043CCD6 /* Feedly_Background_Tabs.entitlements in Resources */ = {isa = PBXBuildFile; fileRef = 11E6EA8A2315A5C70043CCD6 /* Feedly_Background_Tabs.entitlements */; };
		11E6EA8D2315A5C70043CCD6 /* AppDelegate.swift in Sources */ = {isa = PBXBuildFile; fileRef = 11E6EA8C2315A5C70043CCD6 /* AppDelegate.swift */; };
		11E6EA902315A5C70043CCD6 /* Main.storyboard in Resources */ = {isa = PBXBuildFile; fileRef = 11E6EA8E2315A5C70043CCD6 /* Main.storyboard */; };
		11E6EA922315A5C70043CCD6 /* ViewController.swift in Sources */ = {isa = PBXBuildFile; fileRef = 11E6EA912315A5C70043CCD6 /* ViewController.swift */; };
		11E6EA942315A5C80043CCD6 /* Assets.xcassets in Resources */ = {isa = PBXBuildFile; fileRef = 11E6EA932315A5C80043CCD6 /* Assets.xcassets */; };
		11E6EA9B2315A5C80043CCD6 /* FBT RSS Background Tabs Extension.appex in Embed App Extensions */ = {isa = PBXBuildFile; fileRef = 11E6EA9A2315A5C80043CCD6 /* FBT RSS Background Tabs Extension.appex */; settings = {ATTRIBUTES = (RemoveHeadersOnCopy, ); }; };
		11E6EAA02315A5C80043CCD6 /* Cocoa.framework in Frameworks */ = {isa = PBXBuildFile; fileRef = 11E6EA9F2315A5C80043CCD6 /* Cocoa.framework */; };
		11E6EAA32315A5C80043CCD6 /* SafariExtensionHandler.swift in Sources */ = {isa = PBXBuildFile; fileRef = 11E6EAA22315A5C80043CCD6 /* SafariExtensionHandler.swift */; };
		11E6EAA52315A5C80043CCD6 /* SafariExtensionViewController.swift in Sources */ = {isa = PBXBuildFile; fileRef = 11E6EAA42315A5C80043CCD6 /* SafariExtensionViewController.swift */; };
		11E6EAA82315A5C80043CCD6 /* SafariExtensionViewController.xib in Resources */ = {isa = PBXBuildFile; fileRef = 11E6EAA62315A5C80043CCD6 /* SafariExtensionViewController.xib */; };
		11E6EAAB2315A5C80043CCD6 /* script.js in Resources */ = {isa = PBXBuildFile; fileRef = 11E6EAAA2315A5C80043CCD6 /* script.js */; };
		11E6EAAD2315A5C80043CCD6 /* ToolbarItemIcon.pdf in Resources */ = {isa = PBXBuildFile; fileRef = 11E6EAAC2315A5C80043CCD6 /* ToolbarItemIcon.pdf */; };
/* End PBXBuildFile section */

/* Begin PBXContainerItemProxy section */
		1108A4072319C807004EB475 /* PBXContainerItemProxy */ = {
			isa = PBXContainerItemProxy;
			containerPortal = 11E6EA7F2315A5C70043CCD6 /* Project object */;
			proxyType = 1;
			remoteGlobalIDString = 1108A3B72319C7A6004EB475;
			remoteInfo = "Feedly Background Tabs Help";
		};
		11E6EA9C2315A5C80043CCD6 /* PBXContainerItemProxy */ = {
			isa = PBXContainerItemProxy;
			containerPortal = 11E6EA7F2315A5C70043CCD6 /* Project object */;
			proxyType = 1;
			remoteGlobalIDString = 11E6EA992315A5C80043CCD6;
			remoteInfo = "Feedly Background Tabs Extension";
		};
/* End PBXContainerItemProxy section */

/* Begin PBXCopyFilesBuildPhase section */
		11E6EAB42315A5C80043CCD6 /* Embed App Extensions */ = {
			isa = PBXCopyFilesBuildPhase;
			buildActionMask = 2147483647;
			dstPath = "";
			dstSubfolderSpec = 13;
			files = (
				11E6EA9B2315A5C80043CCD6 /* FBT RSS Background Tabs Extension.appex in Embed App Extensions */,
			);
			name = "Embed App Extensions";
			runOnlyForDeploymentPostprocessing = 0;
		};
/* End PBXCopyFilesBuildPhase section */

/* Begin PBXFileReference section */
		1108A3B82319C7A6004EB475 /* FBT RSS Background Tabs Help.help */ = {isa = PBXFileReference; explicitFileType = wrapper.cfbundle; includeInIndex = 0; path = "FBT RSS Background Tabs Help.help"; sourceTree = BUILT_PRODUCTS_DIR; };
		1108A3BF2319C7D2004EB475 /* default.html */ = {isa = PBXFileReference; fileEncoding = 4; lastKnownFileType = text.html; path = default.html; sourceTree = "<group>"; };
		1108A3C02319C7D2004EB475 /* help-page.html */ = {isa = PBXFileReference; fileEncoding = 4; lastKnownFileType = text.html; path = "help-page.html"; sourceTree = "<group>"; };
		1108A3C12319C7D2004EB475 /* title-page.html */ = {isa = PBXFileReference; fileEncoding = 4; lastKnownFileType = text.html; path = "title-page.html"; sourceTree = "<group>"; };
		1108A3C22319C7D2004EB475 /* jekyll-server.command */ = {isa = PBXFileReference; fileEncoding = 4; lastKnownFileType = text.script.sh; path = "jekyll-server.command"; sourceTree = "<group>"; };
		1108A3C32319C7D3004EB475 /* Info.plist */ = {isa = PBXFileReference; fileEncoding = 4; lastKnownFileType = text.plist.xml; path = Info.plist; sourceTree = "<group>"; };
		1108A3C52319C7D3004EB475 /* page-rel-root.rb */ = {isa = PBXFileReference; fileEncoding = 4; lastKnownFileType = text.script.ruby; path = "page-rel-root.rb"; sourceTree = "<group>"; };
		1108A3C62319C7D3004EB475 /* help-filters.rb */ = {isa = PBXFileReference; fileEncoding = 4; lastKnownFileType = text.script.ruby; path = "help-filters.rb"; sourceTree = "<group>"; };
		1108A3C72319C7D3004EB475 /* book-icon.png */ = {isa = PBXFileReference; lastKnownFileType = image.png; path = "book-icon.png"; sourceTree = "<group>"; };
		1108A3D82319C7D3004EB475 /* _English */ = {isa = PBXFileReference; lastKnownFileType = text.plist.strings; name = _English; path = InfoPlist.strings; sourceTree = "<group>"; };
		1108A3DA2319C7D3004EB475 /* _English */ = {isa = PBXFileReference; lastKnownFileType = net.daringfireball.markdown; name = _English; path = index.md; sourceTree = "<group>"; };
		1108A3DE2319C7D3004EB475 /* _syntax-highlighting.scss */ = {isa = PBXFileReference; fileEncoding = 4; lastKnownFileType = text; path = "_syntax-highlighting.scss"; sourceTree = "<group>"; };
		1108A3DF2319C7D3004EB475 /* _apple-help.scss */ = {isa = PBXFileReference; fileEncoding = 4; lastKnownFileType = text; path = "_apple-help.scss"; sourceTree = "<group>"; };
		1108A3E02319C7D3004EB475 /* _base.scss */ = {isa = PBXFileReference; fileEncoding = 4; lastKnownFileType = text; path = _base.scss; sourceTree = "<group>"; };
		1108A3E12319C7D3004EB475 /* _config.yml */ = {isa = PBXFileReference; fileEncoding = 4; lastKnownFileType = text; path = _config.yml; sourceTree = "<group>"; };
		1108A3E32319C7D3004EB475 /* main.scss */ = {isa = PBXFileReference; fileEncoding = 4; lastKnownFileType = text; path = main.scss; sourceTree = "<group>"; };
		1108A3E52319C7D3004EB475 /* head.html */ = {isa = PBXFileReference; fileEncoding = 4; lastKnownFileType = text.html; path = head.html; sourceTree = "<group>"; };
		1108A3E62319C7D3004EB475 /* footer.html */ = {isa = PBXFileReference; fileEncoding = 4; lastKnownFileType = text.html; path = footer.html; sourceTree = "<group>"; };
		1108A3E72319C7D3004EB475 /* header.html */ = {isa = PBXFileReference; fileEncoding = 4; lastKnownFileType = text.html; path = header.html; sourceTree = "<group>"; };
		1108A3E82319C7D3004EB475 /* Makefile */ = {isa = PBXFileReference; fileEncoding = 4; lastKnownFileType = sourcecode.make; path = Makefile; sourceTree = "<group>"; };
		1108A3E92319C7D3004EB475 /* nav.js */ = {isa = PBXFileReference; fileEncoding = 4; lastKnownFileType = sourcecode.javascript; path = nav.js; sourceTree = "<group>"; };
		11E6EA872315A5C70043CCD6 /* FBT RSS Background Tabs.app */ = {isa = PBXFileReference; explicitFileType = wrapper.application; includeInIndex = 0; path = "FBT RSS Background Tabs.app"; sourceTree = BUILT_PRODUCTS_DIR; };
		11E6EA8A2315A5C70043CCD6 /* Feedly_Background_Tabs.entitlements */ = {isa = PBXFileReference; lastKnownFileType = text.plist.entitlements; path = Feedly_Background_Tabs.entitlements; sourceTree = "<group>"; };
		11E6EA8C2315A5C70043CCD6 /* AppDelegate.swift */ = {isa = PBXFileReference; lastKnownFileType = sourcecode.swift; path = AppDelegate.swift; sourceTree = "<group>"; };
		11E6EA8F2315A5C70043CCD6 /* Base */ = {isa = PBXFileReference; lastKnownFileType = file.storyboard; name = Base; path = Base.lproj/Main.storyboard; sourceTree = "<group>"; };
		11E6EA912315A5C70043CCD6 /* ViewController.swift */ = {isa = PBXFileReference; lastKnownFileType = sourcecode.swift; path = ViewController.swift; sourceTree = "<group>"; };
		11E6EA932315A5C80043CCD6 /* Assets.xcassets */ = {isa = PBXFileReference; lastKnownFileType = folder.assetcatalog; path = Assets.xcassets; sourceTree = "<group>"; };
		11E6EA952315A5C80043CCD6 /* Info.plist */ = {isa = PBXFileReference; lastKnownFileType = text.plist.xml; path = Info.plist; sourceTree = "<group>"; };
		11E6EA9A2315A5C80043CCD6 /* FBT RSS Background Tabs Extension.appex */ = {isa = PBXFileReference; explicitFileType = "wrapper.app-extension"; includeInIndex = 0; path = "FBT RSS Background Tabs Extension.appex"; sourceTree = BUILT_PRODUCTS_DIR; };
		11E6EA9F2315A5C80043CCD6 /* Cocoa.framework */ = {isa = PBXFileReference; lastKnownFileType = wrapper.framework; name = Cocoa.framework; path = System/Library/Frameworks/Cocoa.framework; sourceTree = SDKROOT; };
		11E6EAA22315A5C80043CCD6 /* SafariExtensionHandler.swift */ = {isa = PBXFileReference; lastKnownFileType = sourcecode.swift; path = SafariExtensionHandler.swift; sourceTree = "<group>"; };
		11E6EAA42315A5C80043CCD6 /* SafariExtensionViewController.swift */ = {isa = PBXFileReference; lastKnownFileType = sourcecode.swift; path = SafariExtensionViewController.swift; sourceTree = "<group>"; };
		11E6EAA72315A5C80043CCD6 /* Base */ = {isa = PBXFileReference; lastKnownFileType = file.xib; name = Base; path = Base.lproj/SafariExtensionViewController.xib; sourceTree = "<group>"; };
		11E6EAA92315A5C80043CCD6 /* Info.plist */ = {isa = PBXFileReference; lastKnownFileType = text.plist.xml; path = Info.plist; sourceTree = "<group>"; };
		11E6EAAA2315A5C80043CCD6 /* script.js */ = {isa = PBXFileReference; lastKnownFileType = sourcecode.javascript; path = script.js; sourceTree = "<group>"; };
		11E6EAAC2315A5C80043CCD6 /* ToolbarItemIcon.pdf */ = {isa = PBXFileReference; lastKnownFileType = image.pdf; path = ToolbarItemIcon.pdf; sourceTree = "<group>"; };
		11E6EAAE2315A5C80043CCD6 /* Feedly_Background_Tabs_Extension.entitlements */ = {isa = PBXFileReference; lastKnownFileType = text.plist.entitlements; path = Feedly_Background_Tabs_Extension.entitlements; sourceTree = "<group>"; };
/* End PBXFileReference section */

/* Begin PBXFrameworksBuildPhase section */
		1108A3B52319C7A6004EB475 /* Frameworks */ = {
			isa = PBXFrameworksBuildPhase;
			buildActionMask = 2147483647;
			files = (
			);
			runOnlyForDeploymentPostprocessing = 0;
		};
		11E6EA842315A5C70043CCD6 /* Frameworks */ = {
			isa = PBXFrameworksBuildPhase;
			buildActionMask = 2147483647;
			files = (
			);
			runOnlyForDeploymentPostprocessing = 0;
		};
		11E6EA972315A5C80043CCD6 /* Frameworks */ = {
			isa = PBXFrameworksBuildPhase;
			buildActionMask = 2147483647;
			files = (
				11E6EAA02315A5C80043CCD6 /* Cocoa.framework in Frameworks */,
			);
			runOnlyForDeploymentPostprocessing = 0;
		};
/* End PBXFrameworksBuildPhase section */

/* Begin PBXGroup section */
		1108A3B92319C7A6004EB475 /* FBT Help */ = {
			isa = PBXGroup;
			children = (
				1108A3E12319C7D3004EB475 /* _config.yml */,
				1108A3C82319C7D3004EB475 /* _English.lproj */,
				1108A3E42319C7D3004EB475 /* _includes */,
				1108A3BE2319C7D2004EB475 /* _layouts */,
				1108A3C42319C7D3004EB475 /* _plugins */,
				1108A3DD2319C7D3004EB475 /* _sass */,
				1108A3C72319C7D3004EB475 /* book-icon.png */,
				1108A3E22319C7D3004EB475 /* css */,
				1108A3C32319C7D3004EB475 /* Info.plist */,
				1108A3C22319C7D2004EB475 /* jekyll-server.command */,
				1108A3E82319C7D3004EB475 /* Makefile */,
				1108A3E92319C7D3004EB475 /* nav.js */,
			);
			path = "FBT Help";
			sourceTree = "<group>";
		};
		1108A3BE2319C7D2004EB475 /* _layouts */ = {
			isa = PBXGroup;
			children = (
				1108A3BF2319C7D2004EB475 /* default.html */,
				1108A3C02319C7D2004EB475 /* help-page.html */,
				1108A3C12319C7D2004EB475 /* title-page.html */,
			);
			path = _layouts;
			sourceTree = "<group>";
		};
		1108A3C42319C7D3004EB475 /* _plugins */ = {
			isa = PBXGroup;
			children = (
				1108A3C52319C7D3004EB475 /* page-rel-root.rb */,
				1108A3C62319C7D3004EB475 /* help-filters.rb */,
			);
			path = _plugins;
			sourceTree = "<group>";
		};
		1108A3C82319C7D3004EB475 /* _English.lproj */ = {
			isa = PBXGroup;
			children = (
				1108A3D72319C7D3004EB475 /* InfoPlist.strings */,
				1108A3D92319C7D3004EB475 /* index.md */,
			);
			path = _English.lproj;
			sourceTree = "<group>";
		};
		1108A3DD2319C7D3004EB475 /* _sass */ = {
			isa = PBXGroup;
			children = (
				1108A3DE2319C7D3004EB475 /* _syntax-highlighting.scss */,
				1108A3DF2319C7D3004EB475 /* _apple-help.scss */,
				1108A3E02319C7D3004EB475 /* _base.scss */,
			);
			path = _sass;
			sourceTree = "<group>";
		};
		1108A3E22319C7D3004EB475 /* css */ = {
			isa = PBXGroup;
			children = (
				1108A3E32319C7D3004EB475 /* main.scss */,
			);
			path = css;
			sourceTree = "<group>";
		};
		1108A3E42319C7D3004EB475 /* _includes */ = {
			isa = PBXGroup;
			children = (
				1108A3E52319C7D3004EB475 /* head.html */,
				1108A3E62319C7D3004EB475 /* footer.html */,
				1108A3E72319C7D3004EB475 /* header.html */,
			);
			path = _includes;
			sourceTree = "<group>";
		};
		11E6EA7E2315A5C70043CCD6 = {
			isa = PBXGroup;
			children = (
				11E6EA892315A5C70043CCD6 /* FBT RSS Background Tabs */,
				11E6EAA12315A5C80043CCD6 /* FBT Extension */,
				1108A3B92319C7A6004EB475 /* FBT Help */,
				11E6EA9E2315A5C80043CCD6 /* Frameworks */,
				11E6EA882315A5C70043CCD6 /* Products */,
			);
			sourceTree = "<group>";
		};
		11E6EA882315A5C70043CCD6 /* Products */ = {
			isa = PBXGroup;
			children = (
				11E6EA872315A5C70043CCD6 /* FBT RSS Background Tabs.app */,
				11E6EA9A2315A5C80043CCD6 /* FBT RSS Background Tabs Extension.appex */,
				1108A3B82319C7A6004EB475 /* FBT RSS Background Tabs Help.help */,
			);
			name = Products;
			sourceTree = "<group>";
		};
		11E6EA892315A5C70043CCD6 /* FBT RSS Background Tabs */ = {
			isa = PBXGroup;
			children = (
				11E6EA8A2315A5C70043CCD6 /* Feedly_Background_Tabs.entitlements */,
				11E6EA8C2315A5C70043CCD6 /* AppDelegate.swift */,
				11E6EA8E2315A5C70043CCD6 /* Main.storyboard */,
				11E6EA912315A5C70043CCD6 /* ViewController.swift */,
				11E6EA932315A5C80043CCD6 /* Assets.xcassets */,
				11E6EA952315A5C80043CCD6 /* Info.plist */,
			);
			path = "FBT RSS Background Tabs";
			sourceTree = "<group>";
		};
		11E6EA9E2315A5C80043CCD6 /* Frameworks */ = {
			isa = PBXGroup;
			children = (
				11E6EA9F2315A5C80043CCD6 /* Cocoa.framework */,
			);
			name = Frameworks;
			sourceTree = "<group>";
		};
		11E6EAA12315A5C80043CCD6 /* FBT Extension */ = {
			isa = PBXGroup;
			children = (
				11E6EAA22315A5C80043CCD6 /* SafariExtensionHandler.swift */,
				11E6EAA42315A5C80043CCD6 /* SafariExtensionViewController.swift */,
				11E6EAA62315A5C80043CCD6 /* SafariExtensionViewController.xib */,
				11E6EAA92315A5C80043CCD6 /* Info.plist */,
				11E6EAAA2315A5C80043CCD6 /* script.js */,
				11E6EAAC2315A5C80043CCD6 /* ToolbarItemIcon.pdf */,
				11E6EAAE2315A5C80043CCD6 /* Feedly_Background_Tabs_Extension.entitlements */,
			);
			path = "FBT Extension";
			sourceTree = "<group>";
		};
/* End PBXGroup section */

/* Begin PBXNativeTarget section */
		1108A3B72319C7A6004EB475 /* FBT RSS Background Tabs Help */ = {
			isa = PBXNativeTarget;
			buildConfigurationList = 1108A3BB2319C7A6004EB475 /* Build configuration list for PBXNativeTarget "FBT RSS Background Tabs Help" */;
			buildPhases = (
				1108A3B42319C7A6004EB475 /* Sources */,
				1108A3B52319C7A6004EB475 /* Frameworks */,
				1108A3B62319C7A6004EB475 /* Resources */,
				1108A4062319C7E2004EB475 /* ShellScript */,
			);
			buildRules = (
			);
			dependencies = (
			);
			name = "FBT RSS Background Tabs Help";
			productName = "Feedly Background Tabs Help";
			productReference = 1108A3B82319C7A6004EB475 /* FBT RSS Background Tabs Help.help */;
			productType = "com.apple.product-type.bundle";
		};
		11E6EA862315A5C70043CCD6 /* FBT RSS Background Tabs */ = {
			isa = PBXNativeTarget;
			buildConfigurationList = 11E6EAB52315A5C80043CCD6 /* Build configuration list for PBXNativeTarget "FBT RSS Background Tabs" */;
			buildPhases = (
				11E6EA832315A5C70043CCD6 /* Sources */,
				11E6EA842315A5C70043CCD6 /* Frameworks */,
				11E6EA852315A5C70043CCD6 /* Resources */,
				11E6EAB42315A5C80043CCD6 /* Embed App Extensions */,
			);
			buildRules = (
			);
			dependencies = (
				1108A4082319C807004EB475 /* PBXTargetDependency */,
				11E6EA9D2315A5C80043CCD6 /* PBXTargetDependency */,
			);
			name = "FBT RSS Background Tabs";
			productName = "Feedly Background Tabs";
			productReference = 11E6EA872315A5C70043CCD6 /* FBT RSS Background Tabs.app */;
			productType = "com.apple.product-type.application";
		};
		11E6EA992315A5C80043CCD6 /* FBT RSS Background Tabs Extension */ = {
			isa = PBXNativeTarget;
			buildConfigurationList = 11E6EAB12315A5C80043CCD6 /* Build configuration list for PBXNativeTarget "FBT RSS Background Tabs Extension" */;
			buildPhases = (
				11E6EA962315A5C80043CCD6 /* Sources */,
				11E6EA972315A5C80043CCD6 /* Frameworks */,
				11E6EA982315A5C80043CCD6 /* Resources */,
			);
			buildRules = (
			);
			dependencies = (
			);
			name = "FBT RSS Background Tabs Extension";
			productName = "Feedly Background Tabs Extension";
			productReference = 11E6EA9A2315A5C80043CCD6 /* FBT RSS Background Tabs Extension.appex */;
			productType = "com.apple.product-type.app-extension";
		};
/* End PBXNativeTarget section */

/* Begin PBXProject section */
		11E6EA7F2315A5C70043CCD6 /* Project object */ = {
			isa = PBXProject;
			attributes = {
				LastSwiftUpdateCheck = 1030;
				LastUpgradeCheck = 1230;
				ORGANIZATIONNAME = MSWD;
				TargetAttributes = {
					1108A3B72319C7A6004EB475 = {
						CreatedOnToolsVersion = 10.3;
					};
					11E6EA862315A5C70043CCD6 = {
						CreatedOnToolsVersion = 10.3;
						SystemCapabilities = {
							com.apple.HardenedRuntime = {
								enabled = 1;
							};
						};
					};
					11E6EA992315A5C80043CCD6 = {
						CreatedOnToolsVersion = 10.3;
						SystemCapabilities = {
							com.apple.HardenedRuntime = {
								enabled = 1;
							};
						};
					};
				};
			};
			buildConfigurationList = 11E6EA822315A5C70043CCD6 /* Build configuration list for PBXProject "FBT RSS Background Tabs" */;
			compatibilityVersion = "Xcode 9.3";
			developmentRegion = en;
			hasScannedForEncodings = 0;
			knownRegions = (
				en,
				Base,
				_English,
				"-english",
			);
			mainGroup = 11E6EA7E2315A5C70043CCD6;
			productRefGroup = 11E6EA882315A5C70043CCD6 /* Products */;
			projectDirPath = "";
			projectRoot = "";
			targets = (
				11E6EA862315A5C70043CCD6 /* FBT RSS Background Tabs */,
				11E6EA992315A5C80043CCD6 /* FBT RSS Background Tabs Extension */,
				1108A3B72319C7A6004EB475 /* FBT RSS Background Tabs Help */,
			);
		};
/* End PBXProject section */

/* Begin PBXResourcesBuildPhase section */
		1108A3B62319C7A6004EB475 /* Resources */ = {
			isa = PBXResourcesBuildPhase;
			buildActionMask = 2147483647;
			files = (
				1108A3EF2319C7D3004EB475 /* page-rel-root.rb in Resources */,
				1108A3F92319C7D3004EB475 /* InfoPlist.strings in Resources */,
				1108A3F12319C7D3004EB475 /* book-icon.png in Resources */,
				1108A4052319C7D4004EB475 /* nav.js in Resources */,
				1108A3EB2319C7D3004EB475 /* help-page.html in Resources */,
				1108A3ED2319C7D3004EB475 /* jekyll-server.command in Resources */,
				1108A3EC2319C7D3004EB475 /* title-page.html in Resources */,
				1108A4002319C7D3004EB475 /* main.scss in Resources */,
				1108A3FA2319C7D3004EB475 /* index.md in Resources */,
				1108A3FD2319C7D3004EB475 /* _apple-help.scss in Resources */,
				1108A4032319C7D4004EB475 /* header.html in Resources */,
				1108A3F02319C7D3004EB475 /* help-filters.rb in Resources */,
				1108A3FC2319C7D3004EB475 /* _syntax-highlighting.scss in Resources */,
				1108A3FE2319C7D3004EB475 /* _base.scss in Resources */,
				1108A3FF2319C7D3004EB475 /* _config.yml in Resources */,
				1108A3EA2319C7D3004EB475 /* default.html in Resources */,
				1108A4022319C7D4004EB475 /* footer.html in Resources */,
				1108A4012319C7D3004EB475 /* head.html in Resources */,
			);
			runOnlyForDeploymentPostprocessing = 0;
		};
		11E6EA852315A5C70043CCD6 /* Resources */ = {
			isa = PBXResourcesBuildPhase;
			buildActionMask = 2147483647;
			files = (
				11E6EA8B2315A5C70043CCD6 /* Feedly_Background_Tabs.entitlements in Resources */,
				11E6EA942315A5C80043CCD6 /* Assets.xcassets in Resources */,
				1108A4092319CA46004EB475 /* FBT RSS Background Tabs Help.help in Resources */,
				11E6EA902315A5C70043CCD6 /* Main.storyboard in Resources */,
			);
			runOnlyForDeploymentPostprocessing = 0;
		};
		11E6EA982315A5C80043CCD6 /* Resources */ = {
			isa = PBXResourcesBuildPhase;
			buildActionMask = 2147483647;
			files = (
				11E6EAAD2315A5C80043CCD6 /* ToolbarItemIcon.pdf in Resources */,
				11E6EAA82315A5C80043CCD6 /* SafariExtensionViewController.xib in Resources */,
				11E6EAAB2315A5C80043CCD6 /* script.js in Resources */,
			);
			runOnlyForDeploymentPostprocessing = 0;
		};
/* End PBXResourcesBuildPhase section */

/* Begin PBXShellScriptBuildPhase section */
		1108A4062319C7E2004EB475 /* ShellScript */ = {
			isa = PBXShellScriptBuildPhase;
			buildActionMask = 2147483647;
			files = (
			);
			inputFileListPaths = (
			);
			inputPaths = (
			);
			outputFileListPaths = (
			);
			outputPaths = (
			);
			runOnlyForDeploymentPostprocessing = 0;
			shellPath = /bin/sh;
			shellScript = "# Type a script or drag a script file from your workspace to insert its path.\n/usr/bin/make -C \"$(dirname \"$PRODUCT_SETTINGS_PATH\")\"\n";
		};
/* End PBXShellScriptBuildPhase section */

/* Begin PBXSourcesBuildPhase section */
		1108A3B42319C7A6004EB475 /* Sources */ = {
			isa = PBXSourcesBuildPhase;
			buildActionMask = 2147483647;
			files = (
			);
			runOnlyForDeploymentPostprocessing = 0;
		};
		11E6EA832315A5C70043CCD6 /* Sources */ = {
			isa = PBXSourcesBuildPhase;
			buildActionMask = 2147483647;
			files = (
				11E6EA922315A5C70043CCD6 /* ViewController.swift in Sources */,
				11E6EA8D2315A5C70043CCD6 /* AppDelegate.swift in Sources */,
			);
			runOnlyForDeploymentPostprocessing = 0;
		};
		11E6EA962315A5C80043CCD6 /* Sources */ = {
			isa = PBXSourcesBuildPhase;
			buildActionMask = 2147483647;
			files = (
				11E6EAA52315A5C80043CCD6 /* SafariExtensionViewController.swift in Sources */,
				11E6EAA32315A5C80043CCD6 /* SafariExtensionHandler.swift in Sources */,
			);
			runOnlyForDeploymentPostprocessing = 0;
		};
/* End PBXSourcesBuildPhase section */

/* Begin PBXTargetDependency section */
		1108A4082319C807004EB475 /* PBXTargetDependency */ = {
			isa = PBXTargetDependency;
			target = 1108A3B72319C7A6004EB475 /* FBT RSS Background Tabs Help */;
			targetProxy = 1108A4072319C807004EB475 /* PBXContainerItemProxy */;
		};
		11E6EA9D2315A5C80043CCD6 /* PBXTargetDependency */ = {
			isa = PBXTargetDependency;
			target = 11E6EA992315A5C80043CCD6 /* FBT RSS Background Tabs Extension */;
			targetProxy = 11E6EA9C2315A5C80043CCD6 /* PBXContainerItemProxy */;
		};
/* End PBXTargetDependency section */

/* Begin PBXVariantGroup section */
		1108A3D72319C7D3004EB475 /* InfoPlist.strings */ = {
			isa = PBXVariantGroup;
			children = (
				1108A3D82319C7D3004EB475 /* _English */,
			);
			name = InfoPlist.strings;
			sourceTree = "<group>";
		};
		1108A3D92319C7D3004EB475 /* index.md */ = {
			isa = PBXVariantGroup;
			children = (
				1108A3DA2319C7D3004EB475 /* _English */,
			);
			name = index.md;
			sourceTree = "<group>";
		};
		11E6EA8E2315A5C70043CCD6 /* Main.storyboard */ = {
			isa = PBXVariantGroup;
			children = (
				11E6EA8F2315A5C70043CCD6 /* Base */,
			);
			name = Main.storyboard;
			sourceTree = "<group>";
		};
		11E6EAA62315A5C80043CCD6 /* SafariExtensionViewController.xib */ = {
			isa = PBXVariantGroup;
			children = (
				11E6EAA72315A5C80043CCD6 /* Base */,
			);
			name = SafariExtensionViewController.xib;
			sourceTree = "<group>";
		};
/* End PBXVariantGroup section */

/* Begin XCBuildConfiguration section */
		1108A3BC2319C7A6004EB475 /* Debug */ = {
			isa = XCBuildConfiguration;
			buildSettings = {
				CODE_SIGN_IDENTITY = "Mac Developer";
				CODE_SIGN_STYLE = Automatic;
				COMBINE_HIDPI_IMAGES = YES;
				CURRENT_PROJECT_VERSION = 12;
				DEVELOPMENT_TEAM = 6236H6BCAU;
				INFOPLIST_FILE = "FBT Help/Info.plist";
				INSTALL_PATH = "$(LOCAL_LIBRARY_DIR)/Bundles";
				MARKETING_VERSION = 1.0.2;
				PRODUCT_BUNDLE_IDENTIFIER = io.mswd.feedlybackgroundtabs.help;
				PRODUCT_NAME = "$(TARGET_NAME)";
				SKIP_INSTALL = YES;
				WRAPPER_EXTENSION = help;
			};
			name = Debug;
		};
		1108A3BD2319C7A6004EB475 /* Release */ = {
			isa = XCBuildConfiguration;
			buildSettings = {
				CODE_SIGN_IDENTITY = "Mac Developer";
				CODE_SIGN_STYLE = Automatic;
				COMBINE_HIDPI_IMAGES = YES;
				CURRENT_PROJECT_VERSION = 12;
				DEVELOPMENT_TEAM = 6236H6BCAU;
				INFOPLIST_FILE = "FBT Help/Info.plist";
				INSTALL_PATH = "$(LOCAL_LIBRARY_DIR)/Bundles";
				MARKETING_VERSION = 1.0.2;
				PRODUCT_BUNDLE_IDENTIFIER = io.mswd.feedlybackgroundtabs.help;
				PRODUCT_NAME = "$(TARGET_NAME)";
				SKIP_INSTALL = YES;
				WRAPPER_EXTENSION = help;
			};
			name = Release;
		};
		11E6EAAF2315A5C80043CCD6 /* Debug */ = {
			isa = XCBuildConfiguration;
			buildSettings = {
				ALWAYS_SEARCH_USER_PATHS = NO;
				CLANG_ANALYZER_LOCALIZABILITY_NONLOCALIZED = YES;
				CLANG_ANALYZER_NONNULL = YES;
				CLANG_ANALYZER_NUMBER_OBJECT_CONVERSION = YES_AGGRESSIVE;
				CLANG_CXX_LANGUAGE_STANDARD = "gnu++14";
				CLANG_CXX_LIBRARY = "libc++";
				CLANG_ENABLE_MODULES = YES;
				CLANG_ENABLE_OBJC_ARC = YES;
				CLANG_ENABLE_OBJC_WEAK = YES;
				CLANG_WARN_BLOCK_CAPTURE_AUTORELEASING = YES;
				CLANG_WARN_BOOL_CONVERSION = YES;
				CLANG_WARN_COMMA = YES;
				CLANG_WARN_CONSTANT_CONVERSION = YES;
				CLANG_WARN_DEPRECATED_OBJC_IMPLEMENTATIONS = YES;
				CLANG_WARN_DIRECT_OBJC_ISA_USAGE = YES_ERROR;
				CLANG_WARN_DOCUMENTATION_COMMENTS = YES;
				CLANG_WARN_EMPTY_BODY = YES;
				CLANG_WARN_ENUM_CONVERSION = YES;
				CLANG_WARN_INFINITE_RECURSION = YES;
				CLANG_WARN_INT_CONVERSION = YES;
				CLANG_WARN_NON_LITERAL_NULL_CONVERSION = YES;
				CLANG_WARN_OBJC_IMPLICIT_RETAIN_SELF = YES;
				CLANG_WARN_OBJC_LITERAL_CONVERSION = YES;
				CLANG_WARN_OBJC_ROOT_CLASS = YES_ERROR;
				CLANG_WARN_QUOTED_INCLUDE_IN_FRAMEWORK_HEADER = YES;
				CLANG_WARN_RANGE_LOOP_ANALYSIS = YES;
				CLANG_WARN_STRICT_PROTOTYPES = YES;
				CLANG_WARN_SUSPICIOUS_MOVE = YES;
				CLANG_WARN_UNGUARDED_AVAILABILITY = YES_AGGRESSIVE;
				CLANG_WARN_UNREACHABLE_CODE = YES;
				CLANG_WARN__DUPLICATE_METHOD_MATCH = YES;
				CODE_SIGN_IDENTITY = "-";
				COPY_PHASE_STRIP = NO;
				DEBUG_INFORMATION_FORMAT = dwarf;
				ENABLE_STRICT_OBJC_MSGSEND = YES;
				ENABLE_TESTABILITY = YES;
				GCC_C_LANGUAGE_STANDARD = gnu11;
				GCC_DYNAMIC_NO_PIC = NO;
				GCC_NO_COMMON_BLOCKS = YES;
				GCC_OPTIMIZATION_LEVEL = 0;
				GCC_PREPROCESSOR_DEFINITIONS = (
					"DEBUG=1",
					"$(inherited)",
				);
				GCC_WARN_64_TO_32_BIT_CONVERSION = YES;
				GCC_WARN_ABOUT_RETURN_TYPE = YES_ERROR;
				GCC_WARN_UNDECLARED_SELECTOR = YES;
				GCC_WARN_UNINITIALIZED_AUTOS = YES_AGGRESSIVE;
				GCC_WARN_UNUSED_FUNCTION = YES;
				GCC_WARN_UNUSED_VARIABLE = YES;
				MACOSX_DEPLOYMENT_TARGET = 10.14;
				MTL_ENABLE_DEBUG_INFO = INCLUDE_SOURCE;
				MTL_FAST_MATH = YES;
				ONLY_ACTIVE_ARCH = YES;
				SDKROOT = macosx;
				SWIFT_ACTIVE_COMPILATION_CONDITIONS = DEBUG;
				SWIFT_OPTIMIZATION_LEVEL = "-Onone";
			};
			name = Debug;
		};
		11E6EAB02315A5C80043CCD6 /* Release */ = {
			isa = XCBuildConfiguration;
			buildSettings = {
				ALWAYS_SEARCH_USER_PATHS = NO;
				CLANG_ANALYZER_LOCALIZABILITY_NONLOCALIZED = YES;
				CLANG_ANALYZER_NONNULL = YES;
				CLANG_ANALYZER_NUMBER_OBJECT_CONVERSION = YES_AGGRESSIVE;
				CLANG_CXX_LANGUAGE_STANDARD = "gnu++14";
				CLANG_CXX_LIBRARY = "libc++";
				CLANG_ENABLE_MODULES = YES;
				CLANG_ENABLE_OBJC_ARC = YES;
				CLANG_ENABLE_OBJC_WEAK = YES;
				CLANG_WARN_BLOCK_CAPTURE_AUTORELEASING = YES;
				CLANG_WARN_BOOL_CONVERSION = YES;
				CLANG_WARN_COMMA = YES;
				CLANG_WARN_CONSTANT_CONVERSION = YES;
				CLANG_WARN_DEPRECATED_OBJC_IMPLEMENTATIONS = YES;
				CLANG_WARN_DIRECT_OBJC_ISA_USAGE = YES_ERROR;
				CLANG_WARN_DOCUMENTATION_COMMENTS = YES;
				CLANG_WARN_EMPTY_BODY = YES;
				CLANG_WARN_ENUM_CONVERSION = YES;
				CLANG_WARN_INFINITE_RECURSION = YES;
				CLANG_WARN_INT_CONVERSION = YES;
				CLANG_WARN_NON_LITERAL_NULL_CONVERSION = YES;
				CLANG_WARN_OBJC_IMPLICIT_RETAIN_SELF = YES;
				CLANG_WARN_OBJC_LITERAL_CONVERSION = YES;
				CLANG_WARN_OBJC_ROOT_CLASS = YES_ERROR;
				CLANG_WARN_QUOTED_INCLUDE_IN_FRAMEWORK_HEADER = YES;
				CLANG_WARN_RANGE_LOOP_ANALYSIS = YES;
				CLANG_WARN_STRICT_PROTOTYPES = YES;
				CLANG_WARN_SUSPICIOUS_MOVE = YES;
				CLANG_WARN_UNGUARDED_AVAILABILITY = YES_AGGRESSIVE;
				CLANG_WARN_UNREACHABLE_CODE = YES;
				CLANG_WARN__DUPLICATE_METHOD_MATCH = YES;
				CODE_SIGN_IDENTITY = "-";
				COPY_PHASE_STRIP = NO;
				DEBUG_INFORMATION_FORMAT = "dwarf-with-dsym";
				ENABLE_NS_ASSERTIONS = NO;
				ENABLE_STRICT_OBJC_MSGSEND = YES;
				GCC_C_LANGUAGE_STANDARD = gnu11;
				GCC_NO_COMMON_BLOCKS = YES;
				GCC_WARN_64_TO_32_BIT_CONVERSION = YES;
				GCC_WARN_ABOUT_RETURN_TYPE = YES_ERROR;
				GCC_WARN_UNDECLARED_SELECTOR = YES;
				GCC_WARN_UNINITIALIZED_AUTOS = YES_AGGRESSIVE;
				GCC_WARN_UNUSED_FUNCTION = YES;
				GCC_WARN_UNUSED_VARIABLE = YES;
				MACOSX_DEPLOYMENT_TARGET = 10.14;
				MTL_ENABLE_DEBUG_INFO = NO;
				MTL_FAST_MATH = YES;
				SDKROOT = macosx;
				SWIFT_COMPILATION_MODE = wholemodule;
				SWIFT_OPTIMIZATION_LEVEL = "-O";
			};
			name = Release;
		};
		11E6EAB22315A5C80043CCD6 /* Debug */ = {
			isa = XCBuildConfiguration;
			buildSettings = {
				CODE_SIGN_ENTITLEMENTS = "FBT Extension/Feedly_Background_Tabs_Extension.entitlements";
				CODE_SIGN_IDENTITY = "Mac Developer";
				CODE_SIGN_STYLE = Automatic;
				CURRENT_PROJECT_VERSION = 12;
				DEVELOPMENT_TEAM = 6236H6BCAU;
				ENABLE_HARDENED_RUNTIME = YES;
				INFOPLIST_FILE = "FBT Extension/Info.plist";
				LD_RUNPATH_SEARCH_PATHS = (
					"$(inherited)",
					"@executable_path/../Frameworks",
					"@executable_path/../../../../Frameworks",
				);
				MARKETING_VERSION = 1.0.2;
				PRODUCT_BUNDLE_IDENTIFIER = io.mswd.feedlybackgroundtabs.extension;
				PRODUCT_NAME = "$(TARGET_NAME)";
				PROVISIONING_PROFILE_SPECIFIER = "";
				SKIP_INSTALL = YES;
				SWIFT_VERSION = 5.0;
			};
			name = Debug;
		};
		11E6EAB32315A5C80043CCD6 /* Release */ = {
			isa = XCBuildConfiguration;
			buildSettings = {
				CODE_SIGN_ENTITLEMENTS = "FBT Extension/Feedly_Background_Tabs_Extension.entitlements";
				CODE_SIGN_IDENTITY = "Mac Developer";
				CODE_SIGN_STYLE = Automatic;
				CURRENT_PROJECT_VERSION = 12;
				DEVELOPMENT_TEAM = 6236H6BCAU;
				ENABLE_HARDENED_RUNTIME = YES;
				INFOPLIST_FILE = "FBT Extension/Info.plist";
				LD_RUNPATH_SEARCH_PATHS = (
					"$(inherited)",
					"@executable_path/../Frameworks",
					"@executable_path/../../../../Frameworks",
				);
				MARKETING_VERSION = 1.0.2;
				PRODUCT_BUNDLE_IDENTIFIER = io.mswd.feedlybackgroundtabs.extension;
				PRODUCT_NAME = "$(TARGET_NAME)";
				PROVISIONING_PROFILE_SPECIFIER = "";
				SKIP_INSTALL = YES;
				SWIFT_VERSION = 5.0;
			};
			name = Release;
		};
		11E6EAB62315A5C80043CCD6 /* Debug */ = {
			isa = XCBuildConfiguration;
			buildSettings = {
				ALWAYS_EMBED_SWIFT_STANDARD_LIBRARIES = YES;
				ASSETCATALOG_COMPILER_APPICON_NAME = AppIcon;
				CODE_SIGN_ENTITLEMENTS = "";
				CODE_SIGN_IDENTITY = "Mac Developer";
				CODE_SIGN_STYLE = Automatic;
				COMBINE_HIDPI_IMAGES = YES;
				CURRENT_PROJECT_VERSION = 12;
				DEVELOPMENT_TEAM = 6236H6BCAU;
				ENABLE_HARDENED_RUNTIME = YES;
				INFOPLIST_FILE = "FBT RSS Background Tabs/Info.plist";
				LD_RUNPATH_SEARCH_PATHS = (
					"$(inherited)",
					"@executable_path/../Frameworks",
				);
				MARKETING_VERSION = 1.0.2;
				PRODUCT_BUNDLE_IDENTIFIER = io.mswd.feedlybackgroundtabs;
				PRODUCT_NAME = "$(TARGET_NAME)";
				PROVISIONING_PROFILE_SPECIFIER = "";
				SWIFT_VERSION = 5.0;
			};
			name = Debug;
		};
		11E6EAB72315A5C80043CCD6 /* Release */ = {
			isa = XCBuildConfiguration;
			buildSettings = {
				ALWAYS_EMBED_SWIFT_STANDARD_LIBRARIES = YES;
				ASSETCATALOG_COMPILER_APPICON_NAME = AppIcon;
				CODE_SIGN_ENTITLEMENTS = "";
				CODE_SIGN_IDENTITY = "Mac Developer";
				CODE_SIGN_STYLE = Automatic;
				COMBINE_HIDPI_IMAGES = YES;
				CURRENT_PROJECT_VERSION = 12;
				DEVELOPMENT_TEAM = 6236H6BCAU;
				ENABLE_HARDENED_RUNTIME = YES;
				INFOPLIST_FILE = "FBT RSS Background Tabs/Info.plist";
				LD_RUNPATH_SEARCH_PATHS = (
					"$(inherited)",
					"@executable_path/../Frameworks",
				);
				MARKETING_VERSION = 1.0.2;
				PRODUCT_BUNDLE_IDENTIFIER = io.mswd.feedlybackgroundtabs;
				PRODUCT_NAME = "$(TARGET_NAME)";
				PROVISIONING_PROFILE_SPECIFIER = "";
				SWIFT_VERSION = 5.0;
			};
			name = Release;
		};
/* End XCBuildConfiguration section */

/* Begin XCConfigurationList section */
		1108A3BB2319C7A6004EB475 /* Build configuration list for PBXNativeTarget "FBT RSS Background Tabs Help" */ = {
			isa = XCConfigurationList;
			buildConfigurations = (
				1108A3BC2319C7A6004EB475 /* Debug */,
				1108A3BD2319C7A6004EB475 /* Release */,
			);
			defaultConfigurationIsVisible = 0;
			defaultConfigurationName = Release;
		};
		11E6EA822315A5C70043CCD6 /* Build configuration list for PBXProject "FBT RSS Background Tabs" */ = {
			isa = XCConfigurationList;
			buildConfigurations = (
				11E6EAAF2315A5C80043CCD6 /* Debug */,
				11E6EAB02315A5C80043CCD6 /* Release */,
			);
			defaultConfigurationIsVisible = 0;
			defaultConfigurationName = Release;
		};
		11E6EAB12315A5C80043CCD6 /* Build configuration list for PBXNativeTarget "FBT RSS Background Tabs Extension" */ = {
			isa = XCConfigurationList;
			buildConfigurations = (
				11E6EAB22315A5C80043CCD6 /* Debug */,
				11E6EAB32315A5C80043CCD6 /* Release */,
			);
			defaultConfigurationIsVisible = 0;
			defaultConfigurationName = Release;
		};
		11E6EAB52315A5C80043CCD6 /* Build configuration list for PBXNativeTarget "FBT RSS Background Tabs" */ = {
			isa = XCConfigurationList;
			buildConfigurations = (
				11E6EAB62315A5C80043CCD6 /* Debug */,
				11E6EAB72315A5C80043CCD6 /* Release */,
			);
			defaultConfigurationIsVisible = 0;
			defaultConfigurationName = Release;
		};
/* End XCConfigurationList section */
	};
	rootObject = 11E6EA7F2315A5C70043CCD6 /* Project object */;
}
